// !$*UTF8*$!
{
	archiveVersion = 1;
	classes = {
	};
	objectVersion = 54;
	objects = {

/* Begin PBXBuildFile section */
		2D04D9AD281AD61A005B85C4 /* CalculatorTest.swift in Sources */ = {isa = PBXBuildFile; fileRef = 2D04D9AC281AD61A005B85C4 /* CalculatorTest.swift */; };
		2D04D9B2281AD636005B85C4 /* Calculator.swift in Sources */ = {isa = PBXBuildFile; fileRef = 2D04D9B1281AD636005B85C4 /* Calculator.swift */; };
		2D04D9B3281AD636005B85C4 /* Calculator.swift in Sources */ = {isa = PBXBuildFile; fileRef = 2D04D9B1281AD636005B85C4 /* Calculator.swift */; };
		2D04D9B8281B4EF9005B85C4 /* CalculatorError.swift in Sources */ = {isa = PBXBuildFile; fileRef = 2D04D9B7281B4EF9005B85C4 /* CalculatorError.swift */; };
		2D04D9BA281B57EC005B85C4 /* CalculatorInputChecker.swift in Sources */ = {isa = PBXBuildFile; fileRef = 2D04D9B9281B57EC005B85C4 /* CalculatorInputChecker.swift */; };
		2D04D9D3281C0A5D005B85C4 /* StringUtility.swift in Sources */ = {isa = PBXBuildFile; fileRef = 2D04D9D2281C0A5D005B85C4 /* StringUtility.swift */; };
		2D04D9D5281C0E1D005B85C4 /* InputView.swift in Sources */ = {isa = PBXBuildFile; fileRef = 2D04D9D4281C0E1D005B85C4 /* InputView.swift */; };
		2D04D9D7281C0F79005B85C4 /* ResultView.swift in Sources */ = {isa = PBXBuildFile; fileRef = 2D04D9D6281C0F79005B85C4 /* ResultView.swift */; };
		2D04D9D8281C129A005B85C4 /* CalculatorInputChecker.swift in Sources */ = {isa = PBXBuildFile; fileRef = 2D04D9B9281B57EC005B85C4 /* CalculatorInputChecker.swift */; };
		2D04D9D9281C129C005B85C4 /* StringUtility.swift in Sources */ = {isa = PBXBuildFile; fileRef = 2D04D9D2281C0A5D005B85C4 /* StringUtility.swift */; };
		2D04D9DA281C129E005B85C4 /* InputView.swift in Sources */ = {isa = PBXBuildFile; fileRef = 2D04D9D4281C0E1D005B85C4 /* InputView.swift */; };
		2D04D9DB281C12A1005B85C4 /* ResultView.swift in Sources */ = {isa = PBXBuildFile; fileRef = 2D04D9D6281C0F79005B85C4 /* ResultView.swift */; };
		2D04D9DC281C12FB005B85C4 /* CalculatorError.swift in Sources */ = {isa = PBXBuildFile; fileRef = 2D04D9B7281B4EF9005B85C4 /* CalculatorError.swift */; };
		2D04D9E4281C92AC005B85C4 /* LottoNumber.swift in Sources */ = {isa = PBXBuildFile; fileRef = 2D04D9E3281C92AC005B85C4 /* LottoNumber.swift */; };
		2D04D9E6281C92D3005B85C4 /* Lotto.swift in Sources */ = {isa = PBXBuildFile; fileRef = 2D04D9E5281C92D3005B85C4 /* Lotto.swift */; };
		2D04D9E8281C9336005B85C4 /* LottoSeller.swift in Sources */ = {isa = PBXBuildFile; fileRef = 2D04D9E7281C9336005B85C4 /* LottoSeller.swift */; };
		2D04D9EA281C934C005B85C4 /* LottoCenter.swift in Sources */ = {isa = PBXBuildFile; fileRef = 2D04D9E9281C934C005B85C4 /* LottoCenter.swift */; };
		2D04D9EC281C9367005B85C4 /* LottoInputView.swift in Sources */ = {isa = PBXBuildFile; fileRef = 2D04D9EB281C9367005B85C4 /* LottoInputView.swift */; };
		2D04D9EE281C9378005B85C4 /* LottoResultView.swift in Sources */ = {isa = PBXBuildFile; fileRef = 2D04D9ED281C9378005B85C4 /* LottoResultView.swift */; };
		2D04D9F0281C93F7005B85C4 /* Rank.swift in Sources */ = {isa = PBXBuildFile; fileRef = 2D04D9EF281C93F7005B85C4 /* Rank.swift */; };
		2D04D9F1281CA150005B85C4 /* LottoNumber.swift in Sources */ = {isa = PBXBuildFile; fileRef = 2D04D9E3281C92AC005B85C4 /* LottoNumber.swift */; };
		2D04D9F2281CA152005B85C4 /* Lotto.swift in Sources */ = {isa = PBXBuildFile; fileRef = 2D04D9E5281C92D3005B85C4 /* Lotto.swift */; };
		2D04D9F3281CA155005B85C4 /* LottoSeller.swift in Sources */ = {isa = PBXBuildFile; fileRef = 2D04D9E7281C9336005B85C4 /* LottoSeller.swift */; };
		2D04D9F4281CA156005B85C4 /* LottoCenter.swift in Sources */ = {isa = PBXBuildFile; fileRef = 2D04D9E9281C934C005B85C4 /* LottoCenter.swift */; };
		2D04D9F5281CA159005B85C4 /* Rank.swift in Sources */ = {isa = PBXBuildFile; fileRef = 2D04D9EF281C93F7005B85C4 /* Rank.swift */; };
		2D04D9F6281CA15B005B85C4 /* LottoInputView.swift in Sources */ = {isa = PBXBuildFile; fileRef = 2D04D9EB281C9367005B85C4 /* LottoInputView.swift */; };
		2D04D9F7281CA15D005B85C4 /* LottoResultView.swift in Sources */ = {isa = PBXBuildFile; fileRef = 2D04D9ED281C9378005B85C4 /* LottoResultView.swift */; };
		2D04D9F9281D5914005B85C4 /* WinningLotto.swift in Sources */ = {isa = PBXBuildFile; fileRef = 2D04D9F8281D5914005B85C4 /* WinningLotto.swift */; };
		2D04D9FB281D603D005B85C4 /* User.swift in Sources */ = {isa = PBXBuildFile; fileRef = 2D04D9FA281D603D005B85C4 /* User.swift */; };
		2D04D9FD281D7108005B85C4 /* LottoRandomNumberMaker.swift in Sources */ = {isa = PBXBuildFile; fileRef = 2D04D9FC281D7108005B85C4 /* LottoRandomNumberMaker.swift */; };
		2D04D9FF281D729A005B85C4 /* UserLotto.swift in Sources */ = {isa = PBXBuildFile; fileRef = 2D04D9FE281D729A005B85C4 /* UserLotto.swift */; };
		2D04DA01281E015F005B85C4 /* WinningAmount.swift in Sources */ = {isa = PBXBuildFile; fileRef = 2D04DA00281E015F005B85C4 /* WinningAmount.swift */; };
		2D04DA03281E0946005B85C4 /* LottoSellable.swift in Sources */ = {isa = PBXBuildFile; fileRef = 2D04DA02281E0946005B85C4 /* LottoSellable.swift */; };
		2D04DA05281E0E2B005B85C4 /* WinningLottoMaker.swift in Sources */ = {isa = PBXBuildFile; fileRef = 2D04DA04281E0E2B005B85C4 /* WinningLottoMaker.swift */; };
		2D04DA09281EC3E5005B85C4 /* RankReport.swift in Sources */ = {isa = PBXBuildFile; fileRef = 2D04DA08281EC3E5005B85C4 /* RankReport.swift */; };
		2D04DA0B281EC86A005B85C4 /* UserTotalYield.swift in Sources */ = {isa = PBXBuildFile; fileRef = 2D04DA0A281EC86A005B85C4 /* UserTotalYield.swift */; };
		2D04DA0D281ECA1A005B85C4 /* Double+Ext.swift in Sources */ = {isa = PBXBuildFile; fileRef = 2D04DA0C281ECA1A005B85C4 /* Double+Ext.swift */; };
		2D04DA10281EDAA4005B85C4 /* WinningLotto.swift in Sources */ = {isa = PBXBuildFile; fileRef = 2D04D9F8281D5914005B85C4 /* WinningLotto.swift */; };
		2D04DA11281EDAA8005B85C4 /* User.swift in Sources */ = {isa = PBXBuildFile; fileRef = 2D04D9FA281D603D005B85C4 /* User.swift */; };
		2D04DA12281EDAAB005B85C4 /* UserLotto.swift in Sources */ = {isa = PBXBuildFile; fileRef = 2D04D9FE281D729A005B85C4 /* UserLotto.swift */; };
		2D04DA14281EDADB005B85C4 /* LottoTest.swift in Sources */ = {isa = PBXBuildFile; fileRef = 2D04D9E0281C1F4B005B85C4 /* LottoTest.swift */; };
		2D04DA15281EDB0A005B85C4 /* Double+Ext.swift in Sources */ = {isa = PBXBuildFile; fileRef = 2D04DA0C281ECA1A005B85C4 /* Double+Ext.swift */; };
		2D04DA16281EDB0D005B85C4 /* UserTotalYield.swift in Sources */ = {isa = PBXBuildFile; fileRef = 2D04DA0A281EC86A005B85C4 /* UserTotalYield.swift */; };
		2D04DA17281EDB10005B85C4 /* RankReport.swift in Sources */ = {isa = PBXBuildFile; fileRef = 2D04DA08281EC3E5005B85C4 /* RankReport.swift */; };
		2D04DA18281EDB13005B85C4 /* WinningLottoMaker.swift in Sources */ = {isa = PBXBuildFile; fileRef = 2D04DA04281E0E2B005B85C4 /* WinningLottoMaker.swift */; };
		2D04DA19281EDB1E005B85C4 /* WinningAmount.swift in Sources */ = {isa = PBXBuildFile; fileRef = 2D04DA00281E015F005B85C4 /* WinningAmount.swift */; };
		2D04DA1A281EDB21005B85C4 /* LottoSellable.swift in Sources */ = {isa = PBXBuildFile; fileRef = 2D04DA02281E0946005B85C4 /* LottoSellable.swift */; };
		2D04DA1B281EDB24005B85C4 /* LottoRandomNumberMaker.swift in Sources */ = {isa = PBXBuildFile; fileRef = 2D04D9FC281D7108005B85C4 /* LottoRandomNumberMaker.swift */; };
		2D04DA2F28202AD3005B85C4 /* LotteryReport.swift in Sources */ = {isa = PBXBuildFile; fileRef = 2D04DA2E28202AD3005B85C4 /* LotteryReport.swift */; };
		2D04DA3028203346005B85C4 /* LotteryReport.swift in Sources */ = {isa = PBXBuildFile; fileRef = 2D04DA2E28202AD3005B85C4 /* LotteryReport.swift */; };
		2D04DA902829179D005B85C4 /* LottoError.swift in Sources */ = {isa = PBXBuildFile; fileRef = 2D04DA8F2829179D005B85C4 /* LottoError.swift */; };
		2D04DA9128291F83005B85C4 /* LottoError.swift in Sources */ = {isa = PBXBuildFile; fileRef = 2D04DA8F2829179D005B85C4 /* LottoError.swift */; };
		C7905FC627311CC6004C3FCC /* main.swift in Sources */ = {isa = PBXBuildFile; fileRef = C7905FC527311CC6004C3FCC /* main.swift */; };
/* End PBXBuildFile section */

/* Begin PBXCopyFilesBuildPhase section */
		C7905FC027311CC6004C3FCC /* CopyFiles */ = {
			isa = PBXCopyFilesBuildPhase;
			buildActionMask = 2147483647;
			dstPath = /usr/share/man/man1/;
			dstSubfolderSpec = 0;
			files = (
			);
			runOnlyForDeploymentPostprocessing = 1;
		};
/* End PBXCopyFilesBuildPhase section */

/* Begin PBXFileReference section */
		2D04D9AA281AD61A005B85C4 /* CalculatorTest.xctest */ = {isa = PBXFileReference; explicitFileType = wrapper.cfbundle; includeInIndex = 0; path = CalculatorTest.xctest; sourceTree = BUILT_PRODUCTS_DIR; };
		2D04D9AC281AD61A005B85C4 /* CalculatorTest.swift */ = {isa = PBXFileReference; lastKnownFileType = sourcecode.swift; path = CalculatorTest.swift; sourceTree = "<group>"; };
		2D04D9B1281AD636005B85C4 /* Calculator.swift */ = {isa = PBXFileReference; lastKnownFileType = sourcecode.swift; path = Calculator.swift; sourceTree = "<group>"; };
		2D04D9B7281B4EF9005B85C4 /* CalculatorError.swift */ = {isa = PBXFileReference; lastKnownFileType = sourcecode.swift; path = CalculatorError.swift; sourceTree = "<group>"; };
		2D04D9B9281B57EC005B85C4 /* CalculatorInputChecker.swift */ = {isa = PBXFileReference; lastKnownFileType = sourcecode.swift; path = CalculatorInputChecker.swift; sourceTree = "<group>"; };
		2D04D9D2281C0A5D005B85C4 /* StringUtility.swift */ = {isa = PBXFileReference; lastKnownFileType = sourcecode.swift; path = StringUtility.swift; sourceTree = "<group>"; };
		2D04D9D4281C0E1D005B85C4 /* InputView.swift */ = {isa = PBXFileReference; lastKnownFileType = sourcecode.swift; path = InputView.swift; sourceTree = "<group>"; };
		2D04D9D6281C0F79005B85C4 /* ResultView.swift */ = {isa = PBXFileReference; lastKnownFileType = sourcecode.swift; path = ResultView.swift; sourceTree = "<group>"; };
		2D04D9E0281C1F4B005B85C4 /* LottoTest.swift */ = {isa = PBXFileReference; lastKnownFileType = sourcecode.swift; path = LottoTest.swift; sourceTree = "<group>"; };
		2D04D9E3281C92AC005B85C4 /* LottoNumber.swift */ = {isa = PBXFileReference; lastKnownFileType = sourcecode.swift; path = LottoNumber.swift; sourceTree = "<group>"; };
		2D04D9E5281C92D3005B85C4 /* Lotto.swift */ = {isa = PBXFileReference; lastKnownFileType = sourcecode.swift; path = Lotto.swift; sourceTree = "<group>"; };
		2D04D9E7281C9336005B85C4 /* LottoSeller.swift */ = {isa = PBXFileReference; lastKnownFileType = sourcecode.swift; path = LottoSeller.swift; sourceTree = "<group>"; };
		2D04D9E9281C934C005B85C4 /* LottoCenter.swift */ = {isa = PBXFileReference; lastKnownFileType = sourcecode.swift; path = LottoCenter.swift; sourceTree = "<group>"; };
		2D04D9EB281C9367005B85C4 /* LottoInputView.swift */ = {isa = PBXFileReference; lastKnownFileType = sourcecode.swift; path = LottoInputView.swift; sourceTree = "<group>"; };
		2D04D9ED281C9378005B85C4 /* LottoResultView.swift */ = {isa = PBXFileReference; lastKnownFileType = sourcecode.swift; path = LottoResultView.swift; sourceTree = "<group>"; };
		2D04D9EF281C93F7005B85C4 /* Rank.swift */ = {isa = PBXFileReference; lastKnownFileType = sourcecode.swift; path = Rank.swift; sourceTree = "<group>"; };
		2D04D9F8281D5914005B85C4 /* WinningLotto.swift */ = {isa = PBXFileReference; lastKnownFileType = sourcecode.swift; path = WinningLotto.swift; sourceTree = "<group>"; };
		2D04D9FA281D603D005B85C4 /* User.swift */ = {isa = PBXFileReference; lastKnownFileType = sourcecode.swift; path = User.swift; sourceTree = "<group>"; };
		2D04D9FC281D7108005B85C4 /* LottoRandomNumberMaker.swift */ = {isa = PBXFileReference; lastKnownFileType = sourcecode.swift; path = LottoRandomNumberMaker.swift; sourceTree = "<group>"; };
		2D04D9FE281D729A005B85C4 /* UserLotto.swift */ = {isa = PBXFileReference; lastKnownFileType = sourcecode.swift; path = UserLotto.swift; sourceTree = "<group>"; };
		2D04DA00281E015F005B85C4 /* WinningAmount.swift */ = {isa = PBXFileReference; lastKnownFileType = sourcecode.swift; path = WinningAmount.swift; sourceTree = "<group>"; };
		2D04DA02281E0946005B85C4 /* LottoSellable.swift */ = {isa = PBXFileReference; lastKnownFileType = sourcecode.swift; path = LottoSellable.swift; sourceTree = "<group>"; };
		2D04DA04281E0E2B005B85C4 /* WinningLottoMaker.swift */ = {isa = PBXFileReference; lastKnownFileType = sourcecode.swift; path = WinningLottoMaker.swift; sourceTree = "<group>"; };
		2D04DA08281EC3E5005B85C4 /* RankReport.swift */ = {isa = PBXFileReference; lastKnownFileType = sourcecode.swift; path = RankReport.swift; sourceTree = "<group>"; };
		2D04DA0A281EC86A005B85C4 /* UserTotalYield.swift */ = {isa = PBXFileReference; lastKnownFileType = sourcecode.swift; path = UserTotalYield.swift; sourceTree = "<group>"; };
		2D04DA0C281ECA1A005B85C4 /* Double+Ext.swift */ = {isa = PBXFileReference; lastKnownFileType = sourcecode.swift; path = "Double+Ext.swift"; sourceTree = "<group>"; };
		2D04DA2E28202AD3005B85C4 /* LotteryReport.swift */ = {isa = PBXFileReference; lastKnownFileType = sourcecode.swift; path = LotteryReport.swift; sourceTree = "<group>"; };
		2D04DA8F2829179D005B85C4 /* LottoError.swift */ = {isa = PBXFileReference; lastKnownFileType = sourcecode.swift; path = LottoError.swift; sourceTree = "<group>"; };
		C7905FC227311CC6004C3FCC /* Lotto */ = {isa = PBXFileReference; explicitFileType = "compiled.mach-o.executable"; includeInIndex = 0; path = Lotto; sourceTree = BUILT_PRODUCTS_DIR; };
		C7905FC527311CC6004C3FCC /* main.swift */ = {isa = PBXFileReference; lastKnownFileType = sourcecode.swift; path = main.swift; sourceTree = "<group>"; };
/* End PBXFileReference section */

/* Begin PBXFrameworksBuildPhase section */
		2D04D9A7281AD61A005B85C4 /* Frameworks */ = {
			isa = PBXFrameworksBuildPhase;
			buildActionMask = 2147483647;
			files = (
			);
			runOnlyForDeploymentPostprocessing = 0;
		};
		C7905FBF27311CC6004C3FCC /* Frameworks */ = {
			isa = PBXFrameworksBuildPhase;
			buildActionMask = 2147483647;
			files = (
			);
			runOnlyForDeploymentPostprocessing = 0;
		};
/* End PBXFrameworksBuildPhase section */

/* Begin PBXGroup section */
		2D04D9AB281AD61A005B85C4 /* LottoTest */ = {
			isa = PBXGroup;
			children = (
				2D04D9AC281AD61A005B85C4 /* CalculatorTest.swift */,
				2D04D9E0281C1F4B005B85C4 /* LottoTest.swift */,
			);
			path = LottoTest;
			sourceTree = "<group>";
		};
		2D04D9DD281C1718005B85C4 /* Calculator */ = {
			isa = PBXGroup;
			children = (
				2D04D9B1281AD636005B85C4 /* Calculator.swift */,
				2D04D9B7281B4EF9005B85C4 /* CalculatorError.swift */,
				2D04D9B9281B57EC005B85C4 /* CalculatorInputChecker.swift */,
				2D04D9D2281C0A5D005B85C4 /* StringUtility.swift */,
				2D04D9D4281C0E1D005B85C4 /* InputView.swift */,
				2D04D9D6281C0F79005B85C4 /* ResultView.swift */,
			);
			path = Calculator;
			sourceTree = "<group>";
		};
		2D04D9DE281C1F14005B85C4 /* Lotto */ = {
			isa = PBXGroup;
			children = (
				2D04D9E3281C92AC005B85C4 /* LottoNumber.swift */,
				2D04D9E5281C92D3005B85C4 /* Lotto.swift */,
				2D04D9F8281D5914005B85C4 /* WinningLotto.swift */,
				2D04D9E7281C9336005B85C4 /* LottoSeller.swift */,
				2D04D9FA281D603D005B85C4 /* User.swift */,
				2D04D9FE281D729A005B85C4 /* UserLotto.swift */,
				2D04D9E9281C934C005B85C4 /* LottoCenter.swift */,
				2D04D9EF281C93F7005B85C4 /* Rank.swift */,
				2D04D9EB281C9367005B85C4 /* LottoInputView.swift */,
				2D04D9ED281C9378005B85C4 /* LottoResultView.swift */,
				2D04D9FC281D7108005B85C4 /* LottoRandomNumberMaker.swift */,
				2D04DA00281E015F005B85C4 /* WinningAmount.swift */,
				2D04DA02281E0946005B85C4 /* LottoSellable.swift */,
				2D04DA04281E0E2B005B85C4 /* WinningLottoMaker.swift */,
				2D04DA08281EC3E5005B85C4 /* RankReport.swift */,
				2D04DA0A281EC86A005B85C4 /* UserTotalYield.swift */,
				2D04DA0C281ECA1A005B85C4 /* Double+Ext.swift */,
				2D04DA2E28202AD3005B85C4 /* LotteryReport.swift */,
				2D04DA8F2829179D005B85C4 /* LottoError.swift */,
			);
			path = Lotto;
			sourceTree = "<group>";
		};
		C7905FB927311CC6004C3FCC = {
			isa = PBXGroup;
			children = (
				C7905FC427311CC6004C3FCC /* Lotto */,
				2D04D9AB281AD61A005B85C4 /* LottoTest */,
				C7905FC327311CC6004C3FCC /* Products */,
			);
			sourceTree = "<group>";
		};
		C7905FC327311CC6004C3FCC /* Products */ = {
			isa = PBXGroup;
			children = (
				C7905FC227311CC6004C3FCC /* Lotto */,
				2D04D9AA281AD61A005B85C4 /* CalculatorTest.xctest */,
			);
			name = Products;
			sourceTree = "<group>";
		};
		C7905FC427311CC6004C3FCC /* Lotto */ = {
			isa = PBXGroup;
			children = (
				C7905FC527311CC6004C3FCC /* main.swift */,
				2D04D9DD281C1718005B85C4 /* Calculator */,
				2D04D9DE281C1F14005B85C4 /* Lotto */,
			);
			path = Lotto;
			sourceTree = "<group>";
		};
/* End PBXGroup section */

/* Begin PBXNativeTarget section */
		2D04D9A9281AD61A005B85C4 /* CalculatorTest */ = {
			isa = PBXNativeTarget;
			buildConfigurationList = 2D04D9B0281AD61A005B85C4 /* Build configuration list for PBXNativeTarget "CalculatorTest" */;
			buildPhases = (
				2D04D9A6281AD61A005B85C4 /* Sources */,
				2D04D9A7281AD61A005B85C4 /* Frameworks */,
				2D04D9A8281AD61A005B85C4 /* Resources */,
			);
			buildRules = (
			);
			dependencies = (
			);
			name = CalculatorTest;
			productName = CalculatorTest;
			productReference = 2D04D9AA281AD61A005B85C4 /* CalculatorTest.xctest */;
			productType = "com.apple.product-type.bundle.unit-test";
		};
		C7905FC127311CC6004C3FCC /* Lotto */ = {
			isa = PBXNativeTarget;
			buildConfigurationList = C7905FC927311CC6004C3FCC /* Build configuration list for PBXNativeTarget "Lotto" */;
			buildPhases = (
				C7905FBE27311CC6004C3FCC /* Sources */,
				C7905FBF27311CC6004C3FCC /* Frameworks */,
				C7905FC027311CC6004C3FCC /* CopyFiles */,
			);
			buildRules = (
			);
			dependencies = (
			);
			name = Lotto;
			productName = Lotto;
			productReference = C7905FC227311CC6004C3FCC /* Lotto */;
			productType = "com.apple.product-type.tool";
		};
/* End PBXNativeTarget section */

/* Begin PBXProject section */
		C7905FBA27311CC6004C3FCC /* Project object */ = {
			isa = PBXProject;
			attributes = {
				BuildIndependentTargetsInParallel = 1;
				LastSwiftUpdateCheck = 1330;
				LastUpgradeCheck = 1300;
				TargetAttributes = {
					2D04D9A9281AD61A005B85C4 = {
						CreatedOnToolsVersion = 13.3;
					};
					C7905FC127311CC6004C3FCC = {
						CreatedOnToolsVersion = 13.0;
					};
				};
			};
			buildConfigurationList = C7905FBD27311CC6004C3FCC /* Build configuration list for PBXProject "Lotto" */;
			compatibilityVersion = "Xcode 12.0";
			developmentRegion = en;
			hasScannedForEncodings = 0;
			knownRegions = (
				en,
				Base,
			);
			mainGroup = C7905FB927311CC6004C3FCC;
			productRefGroup = C7905FC327311CC6004C3FCC /* Products */;
			projectDirPath = "";
			projectRoot = "";
			targets = (
				C7905FC127311CC6004C3FCC /* Lotto */,
				2D04D9A9281AD61A005B85C4 /* CalculatorTest */,
			);
		};
/* End PBXProject section */

/* Begin PBXResourcesBuildPhase section */
		2D04D9A8281AD61A005B85C4 /* Resources */ = {
			isa = PBXResourcesBuildPhase;
			buildActionMask = 2147483647;
			files = (
			);
			runOnlyForDeploymentPostprocessing = 0;
		};
/* End PBXResourcesBuildPhase section */

/* Begin PBXSourcesBuildPhase section */
		2D04D9A6281AD61A005B85C4 /* Sources */ = {
			isa = PBXSourcesBuildPhase;
			buildActionMask = 2147483647;
			files = (
				2D04D9F6281CA15B005B85C4 /* LottoInputView.swift in Sources */,
				2D04DA3028203346005B85C4 /* LotteryReport.swift in Sources */,
				2D04D9D8281C129A005B85C4 /* CalculatorInputChecker.swift in Sources */,
				2D04D9F1281CA150005B85C4 /* LottoNumber.swift in Sources */,
				2D04D9F3281CA155005B85C4 /* LottoSeller.swift in Sources */,
				2D04DA15281EDB0A005B85C4 /* Double+Ext.swift in Sources */,
				2D04D9D9281C129C005B85C4 /* StringUtility.swift in Sources */,
				2D04D9F4281CA156005B85C4 /* LottoCenter.swift in Sources */,
				2D04DA14281EDADB005B85C4 /* LottoTest.swift in Sources */,
				2D04D9DA281C129E005B85C4 /* InputView.swift in Sources */,
				2D04DA11281EDAA8005B85C4 /* User.swift in Sources */,
				2D04D9AD281AD61A005B85C4 /* CalculatorTest.swift in Sources */,
				2D04DA10281EDAA4005B85C4 /* WinningLotto.swift in Sources */,
				2D04DA1A281EDB21005B85C4 /* LottoSellable.swift in Sources */,
				2D04D9F2281CA152005B85C4 /* Lotto.swift in Sources */,
				2D04D9B3281AD636005B85C4 /* Calculator.swift in Sources */,
				2D04DA12281EDAAB005B85C4 /* UserLotto.swift in Sources */,
				2D04DA19281EDB1E005B85C4 /* WinningAmount.swift in Sources */,
				2D04DA1B281EDB24005B85C4 /* LottoRandomNumberMaker.swift in Sources */,
				2D04D9DB281C12A1005B85C4 /* ResultView.swift in Sources */,
				2D04DA18281EDB13005B85C4 /* WinningLottoMaker.swift in Sources */,
				2D04DA9128291F83005B85C4 /* LottoError.swift in Sources */,
				2D04D9F5281CA159005B85C4 /* Rank.swift in Sources */,
				2D04DA16281EDB0D005B85C4 /* UserTotalYield.swift in Sources */,
				2D04D9DC281C12FB005B85C4 /* CalculatorError.swift in Sources */,
				2D04DA17281EDB10005B85C4 /* RankReport.swift in Sources */,
				2D04D9F7281CA15D005B85C4 /* LottoResultView.swift in Sources */,
				2D04D9D8281C129A005B85C4 /* CalculatorInputChecker.swift in Sources */,
				2D04D9D9281C129C005B85C4 /* StringUtility.swift in Sources */,
				2D04D9DA281C129E005B85C4 /* InputView.swift in Sources */,
				2D04D9AD281AD61A005B85C4 /* CalculatorTest.swift in Sources */,
				2D04D9B3281AD636005B85C4 /* Calculator.swift in Sources */,
				2D04D9DB281C12A1005B85C4 /* ResultView.swift in Sources */,
				2D04D9DC281C12FB005B85C4 /* CalculatorError.swift in Sources */,
			);
			runOnlyForDeploymentPostprocessing = 0;
		};
		C7905FBE27311CC6004C3FCC /* Sources */ = {
			isa = PBXSourcesBuildPhase;
			buildActionMask = 2147483647;
			files = (
				2D04D9B8281B4EF9005B85C4 /* CalculatorError.swift in Sources */,
				C7905FC627311CC6004C3FCC /* main.swift in Sources */,
				2D04D9B2281AD636005B85C4 /* Calculator.swift in Sources */,
				2D04D9D5281C0E1D005B85C4 /* InputView.swift in Sources */,
				2D04DA902829179D005B85C4 /* LottoError.swift in Sources */,
				2D04D9BA281B57EC005B85C4 /* CalculatorInputChecker.swift in Sources */,
				2D04D9D7281C0F79005B85C4 /* ResultView.swift in Sources */,
				2D04D9D3281C0A5D005B85C4 /* StringUtility.swift in Sources */,
				2D04D9E6281C92D3005B85C4 /* Lotto.swift in Sources */,
				2D04D9EA281C934C005B85C4 /* LottoCenter.swift in Sources */,
				2D04D9B8281B4EF9005B85C4 /* CalculatorError.swift in Sources */,
				C7905FC627311CC6004C3FCC /* main.swift in Sources */,
				2D04DA0D281ECA1A005B85C4 /* Double+Ext.swift in Sources */,
				2D04DA09281EC3E5005B85C4 /* RankReport.swift in Sources */,
				2D04D9FB281D603D005B85C4 /* User.swift in Sources */,
				2D04DA01281E015F005B85C4 /* WinningAmount.swift in Sources */,
				2D04D9B2281AD636005B85C4 /* Calculator.swift in Sources */,
				2D04DA05281E0E2B005B85C4 /* WinningLottoMaker.swift in Sources */,
				2D04D9F9281D5914005B85C4 /* WinningLotto.swift in Sources */,
				2D04D9F0281C93F7005B85C4 /* Rank.swift in Sources */,
				2D04D9D5281C0E1D005B85C4 /* InputView.swift in Sources */,
				2D04D9BA281B57EC005B85C4 /* CalculatorInputChecker.swift in Sources */,
				2D04D9FD281D7108005B85C4 /* LottoRandomNumberMaker.swift in Sources */,
				2D04D9EE281C9378005B85C4 /* LottoResultView.swift in Sources */,
				2D04D9D7281C0F79005B85C4 /* ResultView.swift in Sources */,
				2D04DA0B281EC86A005B85C4 /* UserTotalYield.swift in Sources */,
				2D04D9FF281D729A005B85C4 /* UserLotto.swift in Sources */,
				2D04D9D3281C0A5D005B85C4 /* StringUtility.swift in Sources */,
				2D04D9EC281C9367005B85C4 /* LottoInputView.swift in Sources */,
				2D04DA03281E0946005B85C4 /* LottoSellable.swift in Sources */,
				2D04DA2F28202AD3005B85C4 /* LotteryReport.swift in Sources */,
				2D04D9E4281C92AC005B85C4 /* LottoNumber.swift in Sources */,
				2D04D9E8281C9336005B85C4 /* LottoSeller.swift in Sources */,
			);
			runOnlyForDeploymentPostprocessing = 0;
		};
/* End PBXSourcesBuildPhase section */

/* Begin XCBuildConfiguration section */
		2D04D9AE281AD61A005B85C4 /* Debug */ = {
			isa = XCBuildConfiguration;
			buildSettings = {
				CODE_SIGN_STYLE = Automatic;
				CURRENT_PROJECT_VERSION = 1;
				DEVELOPMENT_TEAM = 8G43M5CX79;
				GENERATE_INFOPLIST_FILE = YES;
				MACOSX_DEPLOYMENT_TARGET = 12.3;
				MARKETING_VERSION = 1.0;
				PRODUCT_BUNDLE_IDENTIFIER = com.nextstep.CalculatorTest;
				PRODUCT_NAME = "$(TARGET_NAME)";
				SWIFT_EMIT_LOC_STRINGS = NO;
				SWIFT_VERSION = 5.0;
			};
			name = Debug;
		};
		2D04D9AF281AD61A005B85C4 /* Release */ = {
			isa = XCBuildConfiguration;
			buildSettings = {
				CODE_SIGN_STYLE = Automatic;
				CURRENT_PROJECT_VERSION = 1;
				DEVELOPMENT_TEAM = 8G43M5CX79;
				GENERATE_INFOPLIST_FILE = YES;
				MACOSX_DEPLOYMENT_TARGET = 12.3;
				MARKETING_VERSION = 1.0;
				PRODUCT_BUNDLE_IDENTIFIER = com.nextstep.CalculatorTest;
				PRODUCT_NAME = "$(TARGET_NAME)";
				SWIFT_EMIT_LOC_STRINGS = NO;
				SWIFT_VERSION = 5.0;
			};
			name = Release;
		};
		C7905FC727311CC6004C3FCC /* Debug */ = {
			isa = XCBuildConfiguration;
			buildSettings = {
				ALWAYS_SEARCH_USER_PATHS = NO;
				CLANG_ANALYZER_NONNULL = YES;
				CLANG_ANALYZER_NUMBER_OBJECT_CONVERSION = YES_AGGRESSIVE;
				CLANG_CXX_LANGUAGE_STANDARD = "gnu++17";
				CLANG_CXX_LIBRARY = "libc++";
				CLANG_ENABLE_MODULES = YES;
				CLANG_ENABLE_OBJC_ARC = YES;
				CLANG_ENABLE_OBJC_WEAK = YES;
				CLANG_WARN_BLOCK_CAPTURE_AUTORELEASING = YES;
				CLANG_WARN_BOOL_CONVERSION = YES;
				CLANG_WARN_COMMA = YES;
				CLANG_WARN_CONSTANT_CONVERSION = YES;
				CLANG_WARN_DEPRECATED_OBJC_IMPLEMENTATIONS = YES;
				CLANG_WARN_DIRECT_OBJC_ISA_USAGE = YES_ERROR;
				CLANG_WARN_DOCUMENTATION_COMMENTS = YES;
				CLANG_WARN_EMPTY_BODY = YES;
				CLANG_WARN_ENUM_CONVERSION = YES;
				CLANG_WARN_INFINITE_RECURSION = YES;
				CLANG_WARN_INT_CONVERSION = YES;
				CLANG_WARN_NON_LITERAL_NULL_CONVERSION = YES;
				CLANG_WARN_OBJC_IMPLICIT_RETAIN_SELF = YES;
				CLANG_WARN_OBJC_LITERAL_CONVERSION = YES;
				CLANG_WARN_OBJC_ROOT_CLASS = YES_ERROR;
				CLANG_WARN_QUOTED_INCLUDE_IN_FRAMEWORK_HEADER = YES;
				CLANG_WARN_RANGE_LOOP_ANALYSIS = YES;
				CLANG_WARN_STRICT_PROTOTYPES = YES;
				CLANG_WARN_SUSPICIOUS_MOVE = YES;
				CLANG_WARN_UNGUARDED_AVAILABILITY = YES_AGGRESSIVE;
				CLANG_WARN_UNREACHABLE_CODE = YES;
				CLANG_WARN__DUPLICATE_METHOD_MATCH = YES;
				COPY_PHASE_STRIP = NO;
				DEBUG_INFORMATION_FORMAT = dwarf;
				ENABLE_STRICT_OBJC_MSGSEND = YES;
				ENABLE_TESTABILITY = YES;
				GCC_C_LANGUAGE_STANDARD = gnu11;
				GCC_DYNAMIC_NO_PIC = NO;
				GCC_NO_COMMON_BLOCKS = YES;
				GCC_OPTIMIZATION_LEVEL = 0;
				GCC_PREPROCESSOR_DEFINITIONS = (
					"DEBUG=1",
					"$(inherited)",
				);
				GCC_WARN_64_TO_32_BIT_CONVERSION = YES;
				GCC_WARN_ABOUT_RETURN_TYPE = YES_ERROR;
				GCC_WARN_UNDECLARED_SELECTOR = YES;
				GCC_WARN_UNINITIALIZED_AUTOS = YES_AGGRESSIVE;
				GCC_WARN_UNUSED_FUNCTION = YES;
				GCC_WARN_UNUSED_VARIABLE = YES;
				MACOSX_DEPLOYMENT_TARGET = 10.13;
				MTL_ENABLE_DEBUG_INFO = INCLUDE_SOURCE;
				MTL_FAST_MATH = YES;
				ONLY_ACTIVE_ARCH = YES;
				SDKROOT = macosx;
				SWIFT_ACTIVE_COMPILATION_CONDITIONS = DEBUG;
				SWIFT_OPTIMIZATION_LEVEL = "-Onone";
			};
			name = Debug;
		};
		C7905FC827311CC6004C3FCC /* Release */ = {
			isa = XCBuildConfiguration;
			buildSettings = {
				ALWAYS_SEARCH_USER_PATHS = NO;
				CLANG_ANALYZER_NONNULL = YES;
				CLANG_ANALYZER_NUMBER_OBJECT_CONVERSION = YES_AGGRESSIVE;
				CLANG_CXX_LANGUAGE_STANDARD = "gnu++17";
				CLANG_CXX_LIBRARY = "libc++";
				CLANG_ENABLE_MODULES = YES;
				CLANG_ENABLE_OBJC_ARC = YES;
				CLANG_ENABLE_OBJC_WEAK = YES;
				CLANG_WARN_BLOCK_CAPTURE_AUTORELEASING = YES;
				CLANG_WARN_BOOL_CONVERSION = YES;
				CLANG_WARN_COMMA = YES;
				CLANG_WARN_CONSTANT_CONVERSION = YES;
				CLANG_WARN_DEPRECATED_OBJC_IMPLEMENTATIONS = YES;
				CLANG_WARN_DIRECT_OBJC_ISA_USAGE = YES_ERROR;
				CLANG_WARN_DOCUMENTATION_COMMENTS = YES;
				CLANG_WARN_EMPTY_BODY = YES;
				CLANG_WARN_ENUM_CONVERSION = YES;
				CLANG_WARN_INFINITE_RECURSION = YES;
				CLANG_WARN_INT_CONVERSION = YES;
				CLANG_WARN_NON_LITERAL_NULL_CONVERSION = YES;
				CLANG_WARN_OBJC_IMPLICIT_RETAIN_SELF = YES;
				CLANG_WARN_OBJC_LITERAL_CONVERSION = YES;
				CLANG_WARN_OBJC_ROOT_CLASS = YES_ERROR;
				CLANG_WARN_QUOTED_INCLUDE_IN_FRAMEWORK_HEADER = YES;
				CLANG_WARN_RANGE_LOOP_ANALYSIS = YES;
				CLANG_WARN_STRICT_PROTOTYPES = YES;
				CLANG_WARN_SUSPICIOUS_MOVE = YES;
				CLANG_WARN_UNGUARDED_AVAILABILITY = YES_AGGRESSIVE;
				CLANG_WARN_UNREACHABLE_CODE = YES;
				CLANG_WARN__DUPLICATE_METHOD_MATCH = YES;
				COPY_PHASE_STRIP = NO;
				DEBUG_INFORMATION_FORMAT = "dwarf-with-dsym";
				ENABLE_NS_ASSERTIONS = NO;
				ENABLE_STRICT_OBJC_MSGSEND = YES;
				GCC_C_LANGUAGE_STANDARD = gnu11;
				GCC_NO_COMMON_BLOCKS = YES;
				GCC_WARN_64_TO_32_BIT_CONVERSION = YES;
				GCC_WARN_ABOUT_RETURN_TYPE = YES_ERROR;
				GCC_WARN_UNDECLARED_SELECTOR = YES;
				GCC_WARN_UNINITIALIZED_AUTOS = YES_AGGRESSIVE;
				GCC_WARN_UNUSED_FUNCTION = YES;
				GCC_WARN_UNUSED_VARIABLE = YES;
				MACOSX_DEPLOYMENT_TARGET = 10.13;
				MTL_ENABLE_DEBUG_INFO = NO;
				MTL_FAST_MATH = YES;
				SDKROOT = macosx;
				SWIFT_COMPILATION_MODE = wholemodule;
				SWIFT_OPTIMIZATION_LEVEL = "-O";
			};
			name = Release;
		};
		C7905FCA27311CC6004C3FCC /* Debug */ = {
			isa = XCBuildConfiguration;
			buildSettings = {
				CODE_SIGN_STYLE = Automatic;
				PRODUCT_NAME = "$(TARGET_NAME)";
				SWIFT_VERSION = 5.0;
			};
			name = Debug;
		};
		C7905FCB27311CC6004C3FCC /* Release */ = {
			isa = XCBuildConfiguration;
			buildSettings = {
				CODE_SIGN_STYLE = Automatic;
				PRODUCT_NAME = "$(TARGET_NAME)";
				SWIFT_VERSION = 5.0;
			};
			name = Release;
		};
/* End XCBuildConfiguration section */

/* Begin XCConfigurationList section */
		2D04D9B0281AD61A005B85C4 /* Build configuration list for PBXNativeTarget "CalculatorTest" */ = {
			isa = XCConfigurationList;
			buildConfigurations = (
				2D04D9AE281AD61A005B85C4 /* Debug */,
				2D04D9AF281AD61A005B85C4 /* Release */,
			);
			defaultConfigurationIsVisible = 0;
			defaultConfigurationName = Release;
		};
		C7905FBD27311CC6004C3FCC /* Build configuration list for PBXProject "Lotto" */ = {
			isa = XCConfigurationList;
			buildConfigurations = (
				C7905FC727311CC6004C3FCC /* Debug */,
				C7905FC827311CC6004C3FCC /* Release */,
			);
			defaultConfigurationIsVisible = 0;
			defaultConfigurationName = Release;
		};
		C7905FC927311CC6004C3FCC /* Build configuration list for PBXNativeTarget "Lotto" */ = {
			isa = XCConfigurationList;
			buildConfigurations = (
				C7905FCA27311CC6004C3FCC /* Debug */,
				C7905FCB27311CC6004C3FCC /* Release */,
			);
			defaultConfigurationIsVisible = 0;
			defaultConfigurationName = Release;
		};
/* End XCConfigurationList section */
	};
	rootObject = C7905FBA27311CC6004C3FCC /* Project object */;
}
