// !$*UTF8*$!
{
	archiveVersion = 1;
	classes = {
	};
	objectVersion = 54;
	objects = {

/* Begin PBXBuildFile section */
		6CD2B966282560FE00E9239C /* Lotto.swift in Sources */ = {isa = PBXBuildFile; fileRef = 6CD2B965282560FE00E9239C /* Lotto.swift */; };
		6CD2B96C282561BC00E9239C /* InputView.swift in Sources */ = {isa = PBXBuildFile; fileRef = 6CD2B96B282561BC00E9239C /* InputView.swift */; };
		6CD2B9702825620300E9239C /* ResultView.swift in Sources */ = {isa = PBXBuildFile; fileRef = 6CD2B96F2825620300E9239C /* ResultView.swift */; };
		6CD2B97D2825631D00E9239C /* LottoGenerator.swift in Sources */ = {isa = PBXBuildFile; fileRef = 6CD2B97C2825631D00E9239C /* LottoGenerator.swift */; };
		6CD2B983282563C700E9239C /* Constants.swift in Sources */ = {isa = PBXBuildFile; fileRef = 6CD2B982282563C700E9239C /* Constants.swift */; };
		6CD904AC282579EA0039C827 /* LottoManagement.swift in Sources */ = {isa = PBXBuildFile; fileRef = 6CD904AB282579EA0039C827 /* LottoManagement.swift */; };
		6CD904B628258CE10039C827 /* LottoTests.swift in Sources */ = {isa = PBXBuildFile; fileRef = 6CD904B528258CE10039C827 /* LottoTests.swift */; };
		6CD904BE28258D4C0039C827 /* Constants.swift in Sources */ = {isa = PBXBuildFile; fileRef = 6CD2B982282563C700E9239C /* Constants.swift */; };
		6CD904C228258D4D0039C827 /* Lotto.swift in Sources */ = {isa = PBXBuildFile; fileRef = 6CD2B965282560FE00E9239C /* Lotto.swift */; };
		6CD904C628258D510039C827 /* LottoGenerator.swift in Sources */ = {isa = PBXBuildFile; fileRef = 6CD2B97C2825631D00E9239C /* LottoGenerator.swift */; };
		6CD904CA28258D530039C827 /* LottoManagement.swift in Sources */ = {isa = PBXBuildFile; fileRef = 6CD904AB282579EA0039C827 /* LottoManagement.swift */; };
		C7905FC627311CC6004C3FCC /* main.swift in Sources */ = {isa = PBXBuildFile; fileRef = C7905FC527311CC6004C3FCC /* main.swift */; };
		CB726798282C93180021757B /* LottoReward.swift in Sources */ = {isa = PBXBuildFile; fileRef = CB726797282C93170021757B /* LottoReward.swift */; };
		CB72679A282C93300021757B /* Match.swift in Sources */ = {isa = PBXBuildFile; fileRef = CB726799282C93300021757B /* Match.swift */; };
		CBBB1BA3282217CE00123805 /* StringCalculator.swift in Sources */ = {isa = PBXBuildFile; fileRef = CBBB1BA2282217CE00123805 /* StringCalculator.swift */; };
		CBBB1BA52822187E00123805 /* Validator.swift in Sources */ = {isa = PBXBuildFile; fileRef = CBBB1BA42822187E00123805 /* Validator.swift */; };
		CBBB1BAD2822199300123805 /* StringCalculatorTests.swift in Sources */ = {isa = PBXBuildFile; fileRef = CBBB1BAC2822199300123805 /* StringCalculatorTests.swift */; };
		CBBB1BB1282237E200123805 /* Validator.swift in Sources */ = {isa = PBXBuildFile; fileRef = CBBB1BA42822187E00123805 /* Validator.swift */; };
		CBBB1BB2282237E500123805 /* StringCalculator.swift in Sources */ = {isa = PBXBuildFile; fileRef = CBBB1BA2282217CE00123805 /* StringCalculator.swift */; };
/* End PBXBuildFile section */

/* Begin PBXCopyFilesBuildPhase section */
		C7905FC027311CC6004C3FCC /* CopyFiles */ = {
			isa = PBXCopyFilesBuildPhase;
			buildActionMask = 2147483647;
			dstPath = /usr/share/man/man1/;
			dstSubfolderSpec = 0;
			files = (
			);
			runOnlyForDeploymentPostprocessing = 1;
		};
/* End PBXCopyFilesBuildPhase section */

/* Begin PBXFileReference section */
		6CD2B965282560FE00E9239C /* Lotto.swift */ = {isa = PBXFileReference; lastKnownFileType = sourcecode.swift; path = Lotto.swift; sourceTree = "<group>"; };
		6CD2B96B282561BC00E9239C /* InputView.swift */ = {isa = PBXFileReference; lastKnownFileType = sourcecode.swift; path = InputView.swift; sourceTree = "<group>"; };
		6CD2B96F2825620300E9239C /* ResultView.swift */ = {isa = PBXFileReference; lastKnownFileType = sourcecode.swift; path = ResultView.swift; sourceTree = "<group>"; };
		6CD2B97C2825631D00E9239C /* LottoGenerator.swift */ = {isa = PBXFileReference; lastKnownFileType = sourcecode.swift; path = LottoGenerator.swift; sourceTree = "<group>"; };
		6CD2B982282563C700E9239C /* Constants.swift */ = {isa = PBXFileReference; lastKnownFileType = sourcecode.swift; path = Constants.swift; sourceTree = "<group>"; };
		6CD904AB282579EA0039C827 /* LottoManagement.swift */ = {isa = PBXFileReference; lastKnownFileType = sourcecode.swift; path = LottoManagement.swift; sourceTree = "<group>"; };
		6CD904B328258CE10039C827 /* LottoTests.xctest */ = {isa = PBXFileReference; explicitFileType = wrapper.cfbundle; includeInIndex = 0; path = LottoTests.xctest; sourceTree = BUILT_PRODUCTS_DIR; };
		6CD904B528258CE10039C827 /* LottoTests.swift */ = {isa = PBXFileReference; lastKnownFileType = sourcecode.swift; path = LottoTests.swift; sourceTree = "<group>"; };
		6CD904B728258CE10039C827 /* Info.plist */ = {isa = PBXFileReference; lastKnownFileType = text.plist.xml; path = Info.plist; sourceTree = "<group>"; };
		C7905FC227311CC6004C3FCC /* Lotto */ = {isa = PBXFileReference; explicitFileType = "compiled.mach-o.executable"; includeInIndex = 0; path = Lotto; sourceTree = BUILT_PRODUCTS_DIR; };
		C7905FC527311CC6004C3FCC /* main.swift */ = {isa = PBXFileReference; lastKnownFileType = sourcecode.swift; path = main.swift; sourceTree = "<group>"; };
		CB726797282C93170021757B /* LottoReward.swift */ = {isa = PBXFileReference; lastKnownFileType = sourcecode.swift; path = LottoReward.swift; sourceTree = "<group>"; };
		CB726799282C93300021757B /* Match.swift */ = {isa = PBXFileReference; lastKnownFileType = sourcecode.swift; path = Match.swift; sourceTree = "<group>"; };
		CBBB1BA2282217CE00123805 /* StringCalculator.swift */ = {isa = PBXFileReference; lastKnownFileType = sourcecode.swift; path = StringCalculator.swift; sourceTree = "<group>"; };
		CBBB1BA42822187E00123805 /* Validator.swift */ = {isa = PBXFileReference; lastKnownFileType = sourcecode.swift; path = Validator.swift; sourceTree = "<group>"; };
		CBBB1BAA2822199300123805 /* StringCalculatorTests.xctest */ = {isa = PBXFileReference; explicitFileType = wrapper.cfbundle; includeInIndex = 0; path = StringCalculatorTests.xctest; sourceTree = BUILT_PRODUCTS_DIR; };
		CBBB1BAC2822199300123805 /* StringCalculatorTests.swift */ = {isa = PBXFileReference; lastKnownFileType = sourcecode.swift; path = StringCalculatorTests.swift; sourceTree = "<group>"; };
/* End PBXFileReference section */

/* Begin PBXFrameworksBuildPhase section */
		6CD904B028258CE10039C827 /* Frameworks */ = {
			isa = PBXFrameworksBuildPhase;
			buildActionMask = 2147483647;
			files = (
			);
			runOnlyForDeploymentPostprocessing = 0;
		};
		C7905FBF27311CC6004C3FCC /* Frameworks */ = {
			isa = PBXFrameworksBuildPhase;
			buildActionMask = 2147483647;
			files = (
			);
			runOnlyForDeploymentPostprocessing = 0;
		};
		CBBB1BA72822199300123805 /* Frameworks */ = {
			isa = PBXFrameworksBuildPhase;
			buildActionMask = 2147483647;
			files = (
			);
			runOnlyForDeploymentPostprocessing = 0;
		};
/* End PBXFrameworksBuildPhase section */

/* Begin PBXGroup section */
		6CD2B9732825629300E9239C /* view */ = {
			isa = PBXGroup;
			children = (
				6CD2B96B282561BC00E9239C /* InputView.swift */,
				6CD2B96F2825620300E9239C /* ResultView.swift */,
			);
			path = view;
			sourceTree = "<group>";
		};
		6CD2B97A282562AC00E9239C /* model */ = {
			isa = PBXGroup;
			children = (
				6CD2B982282563C700E9239C /* Constants.swift */,
				6CD2B965282560FE00E9239C /* Lotto.swift */,
				CB726797282C93170021757B /* LottoReward.swift */,
				CB726799282C93300021757B /* Match.swift */,
			);
			path = model;
			sourceTree = "<group>";
		};
		6CD2B97B282562E300E9239C /* controller */ = {
			isa = PBXGroup;
			children = (
				6CD2B97C2825631D00E9239C /* LottoGenerator.swift */,
				6CD904AB282579EA0039C827 /* LottoManagement.swift */,
			);
			path = controller;
			sourceTree = "<group>";
		};
		6CD904B428258CE10039C827 /* LottoTests */ = {
			isa = PBXGroup;
			children = (
				6CD904B528258CE10039C827 /* LottoTests.swift */,
				6CD904B728258CE10039C827 /* Info.plist */,
			);
			path = LottoTests;
			sourceTree = "<group>";
		};
		C7905FB927311CC6004C3FCC = {
			isa = PBXGroup;
			children = (
				CBBB1BA12822154700123805 /* StringCalculator */,
				C7905FC427311CC6004C3FCC /* Lotto */,
				CBBB1BAB2822199300123805 /* StringCalculatorTests */,
				6CD904B428258CE10039C827 /* LottoTests */,
				C7905FC327311CC6004C3FCC /* Products */,
			);
			sourceTree = "<group>";
		};
		C7905FC327311CC6004C3FCC /* Products */ = {
			isa = PBXGroup;
			children = (
				C7905FC227311CC6004C3FCC /* Lotto */,
				CBBB1BAA2822199300123805 /* StringCalculatorTests.xctest */,
				6CD904B328258CE10039C827 /* LottoTests.xctest */,
			);
			name = Products;
			sourceTree = "<group>";
		};
		C7905FC427311CC6004C3FCC /* Lotto */ = {
			isa = PBXGroup;
			children = (
				6CD2B97A282562AC00E9239C /* model */,
				6CD2B9732825629300E9239C /* view */,
				6CD2B97B282562E300E9239C /* controller */,
				C7905FC527311CC6004C3FCC /* main.swift */,
			);
			path = Lotto;
			sourceTree = "<group>";
		};
		CBBB1BA12822154700123805 /* StringCalculator */ = {
			isa = PBXGroup;
			children = (
				CBBB1BA2282217CE00123805 /* StringCalculator.swift */,
				CBBB1BA42822187E00123805 /* Validator.swift */,
			);
			path = StringCalculator;
			sourceTree = "<group>";
		};
		CBBB1BAB2822199300123805 /* StringCalculatorTests */ = {
			isa = PBXGroup;
			children = (
				CBBB1BAC2822199300123805 /* StringCalculatorTests.swift */,
			);
			path = StringCalculatorTests;
			sourceTree = "<group>";
		};
/* End PBXGroup section */

/* Begin PBXNativeTarget section */
		6CD904B228258CE10039C827 /* LottoTests */ = {
			isa = PBXNativeTarget;
			buildConfigurationList = 6CD904B828258CE10039C827 /* Build configuration list for PBXNativeTarget "LottoTests" */;
			buildPhases = (
				6CD904AF28258CE10039C827 /* Sources */,
				6CD904B028258CE10039C827 /* Frameworks */,
				6CD904B128258CE10039C827 /* Resources */,
			);
			buildRules = (
			);
			dependencies = (
			);
			name = LottoTests;
			productName = LottoTests;
			productReference = 6CD904B328258CE10039C827 /* LottoTests.xctest */;
			productType = "com.apple.product-type.bundle.unit-test";
		};
		C7905FC127311CC6004C3FCC /* Lotto */ = {
			isa = PBXNativeTarget;
			buildConfigurationList = C7905FC927311CC6004C3FCC /* Build configuration list for PBXNativeTarget "Lotto" */;
			buildPhases = (
				C7905FBE27311CC6004C3FCC /* Sources */,
				C7905FBF27311CC6004C3FCC /* Frameworks */,
				C7905FC027311CC6004C3FCC /* CopyFiles */,
			);
			buildRules = (
			);
			dependencies = (
			);
			name = Lotto;
			productName = Lotto;
			productReference = C7905FC227311CC6004C3FCC /* Lotto */;
			productType = "com.apple.product-type.tool";
		};
		CBBB1BA92822199300123805 /* StringCalculatorTests */ = {
			isa = PBXNativeTarget;
			buildConfigurationList = CBBB1BAE2822199300123805 /* Build configuration list for PBXNativeTarget "StringCalculatorTests" */;
			buildPhases = (
				CBBB1BA62822199300123805 /* Sources */,
				CBBB1BA72822199300123805 /* Frameworks */,
				CBBB1BA82822199300123805 /* Resources */,
			);
			buildRules = (
			);
			dependencies = (
			);
			name = StringCalculatorTests;
			productName = StringCalculatorTests;
			productReference = CBBB1BAA2822199300123805 /* StringCalculatorTests.xctest */;
			productType = "com.apple.product-type.bundle.unit-test";
		};
/* End PBXNativeTarget section */

/* Begin PBXProject section */
		C7905FBA27311CC6004C3FCC /* Project object */ = {
			isa = PBXProject;
			attributes = {
				BuildIndependentTargetsInParallel = 1;
				LastSwiftUpdateCheck = 1230;
				LastUpgradeCheck = 1300;
				TargetAttributes = {
					6CD904B228258CE10039C827 = {
						CreatedOnToolsVersion = 12.3;
					};
					C7905FC127311CC6004C3FCC = {
						CreatedOnToolsVersion = 13.0;
					};
					CBBB1BA92822199300123805 = {
						CreatedOnToolsVersion = 13.2.1;
					};
				};
			};
			buildConfigurationList = C7905FBD27311CC6004C3FCC /* Build configuration list for PBXProject "Lotto" */;
			compatibilityVersion = "Xcode 12.0";
			developmentRegion = en;
			hasScannedForEncodings = 0;
			knownRegions = (
				en,
				Base,
			);
			mainGroup = C7905FB927311CC6004C3FCC;
			productRefGroup = C7905FC327311CC6004C3FCC /* Products */;
			projectDirPath = "";
			projectRoot = "";
			targets = (
				C7905FC127311CC6004C3FCC /* Lotto */,
				CBBB1BA92822199300123805 /* StringCalculatorTests */,
				6CD904B228258CE10039C827 /* LottoTests */,
			);
		};
/* End PBXProject section */

/* Begin PBXResourcesBuildPhase section */
		6CD904B128258CE10039C827 /* Resources */ = {
			isa = PBXResourcesBuildPhase;
			buildActionMask = 2147483647;
			files = (
			);
			runOnlyForDeploymentPostprocessing = 0;
		};
		CBBB1BA82822199300123805 /* Resources */ = {
			isa = PBXResourcesBuildPhase;
			buildActionMask = 2147483647;
			files = (
			);
			runOnlyForDeploymentPostprocessing = 0;
		};
/* End PBXResourcesBuildPhase section */

/* Begin PBXSourcesBuildPhase section */
		6CD904AF28258CE10039C827 /* Sources */ = {
			isa = PBXSourcesBuildPhase;
			buildActionMask = 2147483647;
			files = (
				6CD904CA28258D530039C827 /* LottoManagement.swift in Sources */,
				6CD904C628258D510039C827 /* LottoGenerator.swift in Sources */,
				6CD904C228258D4D0039C827 /* Lotto.swift in Sources */,
				6CD904B628258CE10039C827 /* LottoTests.swift in Sources */,
				6CD904BE28258D4C0039C827 /* Constants.swift in Sources */,
			);
			runOnlyForDeploymentPostprocessing = 0;
		};
		C7905FBE27311CC6004C3FCC /* Sources */ = {
			isa = PBXSourcesBuildPhase;
			buildActionMask = 2147483647;
			files = (
				6CD904AC282579EA0039C827 /* LottoManagement.swift in Sources */,
				6CD2B966282560FE00E9239C /* Lotto.swift in Sources */,
				CBBB1BA3282217CE00123805 /* StringCalculator.swift in Sources */,
				6CD2B96C282561BC00E9239C /* InputView.swift in Sources */,
				CBBB1BA52822187E00123805 /* Validator.swift in Sources */,
				CB726798282C93180021757B /* LottoReward.swift in Sources */,
				6CD2B97D2825631D00E9239C /* LottoGenerator.swift in Sources */,
				C7905FC627311CC6004C3FCC /* main.swift in Sources */,
				CB72679A282C93300021757B /* Match.swift in Sources */,
				6CD2B9702825620300E9239C /* ResultView.swift in Sources */,
				6CD2B983282563C700E9239C /* Constants.swift in Sources */,
			);
			runOnlyForDeploymentPostprocessing = 0;
		};
		CBBB1BA62822199300123805 /* Sources */ = {
			isa = PBXSourcesBuildPhase;
			buildActionMask = 2147483647;
			files = (
				CBBB1BB2282237E500123805 /* StringCalculator.swift in Sources */,
				CBBB1BB1282237E200123805 /* Validator.swift in Sources */,
				CBBB1BAD2822199300123805 /* StringCalculatorTests.swift in Sources */,
			);
			runOnlyForDeploymentPostprocessing = 0;
		};
/* End PBXSourcesBuildPhase section */

/* Begin XCBuildConfiguration section */
		6CD904B928258CE10039C827 /* Debug */ = {
			isa = XCBuildConfiguration;
			buildSettings = {
				CLANG_CXX_LANGUAGE_STANDARD = "gnu++14";
				CODE_SIGN_STYLE = Automatic;
				COMBINE_HIDPI_IMAGES = YES;
				INFOPLIST_FILE = LottoTests/Info.plist;
				LD_RUNPATH_SEARCH_PATHS = (
					"$(inherited)",
					"@executable_path/../Frameworks",
					"@loader_path/../Frameworks",
				);
				MACOSX_DEPLOYMENT_TARGET = 11.1;
				PRODUCT_BUNDLE_IDENTIFIER = com.uchan.LottoTests;
				PRODUCT_NAME = "$(TARGET_NAME)";
				SWIFT_VERSION = 5.0;
			};
			name = Debug;
		};
		6CD904BA28258CE10039C827 /* Release */ = {
			isa = XCBuildConfiguration;
			buildSettings = {
				CLANG_CXX_LANGUAGE_STANDARD = "gnu++14";
				CODE_SIGN_STYLE = Automatic;
				COMBINE_HIDPI_IMAGES = YES;
				INFOPLIST_FILE = LottoTests/Info.plist;
				LD_RUNPATH_SEARCH_PATHS = (
					"$(inherited)",
					"@executable_path/../Frameworks",
					"@loader_path/../Frameworks",
				);
				MACOSX_DEPLOYMENT_TARGET = 11.1;
				PRODUCT_BUNDLE_IDENTIFIER = com.uchan.LottoTests;
				PRODUCT_NAME = "$(TARGET_NAME)";
				SWIFT_VERSION = 5.0;
			};
			name = Release;
		};
		C7905FC727311CC6004C3FCC /* Debug */ = {
			isa = XCBuildConfiguration;
			buildSettings = {
				ALWAYS_SEARCH_USER_PATHS = NO;
				CLANG_ANALYZER_NONNULL = YES;
				CLANG_ANALYZER_NUMBER_OBJECT_CONVERSION = YES_AGGRESSIVE;
				CLANG_CXX_LANGUAGE_STANDARD = "gnu++17";
				CLANG_CXX_LIBRARY = "libc++";
				CLANG_ENABLE_MODULES = YES;
				CLANG_ENABLE_OBJC_ARC = YES;
				CLANG_ENABLE_OBJC_WEAK = YES;
				CLANG_WARN_BLOCK_CAPTURE_AUTORELEASING = YES;
				CLANG_WARN_BOOL_CONVERSION = YES;
				CLANG_WARN_COMMA = YES;
				CLANG_WARN_CONSTANT_CONVERSION = YES;
				CLANG_WARN_DEPRECATED_OBJC_IMPLEMENTATIONS = YES;
				CLANG_WARN_DIRECT_OBJC_ISA_USAGE = YES_ERROR;
				CLANG_WARN_DOCUMENTATION_COMMENTS = YES;
				CLANG_WARN_EMPTY_BODY = YES;
				CLANG_WARN_ENUM_CONVERSION = YES;
				CLANG_WARN_INFINITE_RECURSION = YES;
				CLANG_WARN_INT_CONVERSION = YES;
				CLANG_WARN_NON_LITERAL_NULL_CONVERSION = YES;
				CLANG_WARN_OBJC_IMPLICIT_RETAIN_SELF = YES;
				CLANG_WARN_OBJC_LITERAL_CONVERSION = YES;
				CLANG_WARN_OBJC_ROOT_CLASS = YES_ERROR;
				CLANG_WARN_QUOTED_INCLUDE_IN_FRAMEWORK_HEADER = YES;
				CLANG_WARN_RANGE_LOOP_ANALYSIS = YES;
				CLANG_WARN_STRICT_PROTOTYPES = YES;
				CLANG_WARN_SUSPICIOUS_MOVE = YES;
				CLANG_WARN_UNGUARDED_AVAILABILITY = YES_AGGRESSIVE;
				CLANG_WARN_UNREACHABLE_CODE = YES;
				CLANG_WARN__DUPLICATE_METHOD_MATCH = YES;
				COPY_PHASE_STRIP = NO;
				DEBUG_INFORMATION_FORMAT = dwarf;
				ENABLE_STRICT_OBJC_MSGSEND = YES;
				ENABLE_TESTABILITY = YES;
				GCC_C_LANGUAGE_STANDARD = gnu11;
				GCC_DYNAMIC_NO_PIC = NO;
				GCC_NO_COMMON_BLOCKS = YES;
				GCC_OPTIMIZATION_LEVEL = 0;
				GCC_PREPROCESSOR_DEFINITIONS = (
					"DEBUG=1",
					"$(inherited)",
				);
				GCC_WARN_64_TO_32_BIT_CONVERSION = YES;
				GCC_WARN_ABOUT_RETURN_TYPE = YES_ERROR;
				GCC_WARN_UNDECLARED_SELECTOR = YES;
				GCC_WARN_UNINITIALIZED_AUTOS = YES_AGGRESSIVE;
				GCC_WARN_UNUSED_FUNCTION = YES;
				GCC_WARN_UNUSED_VARIABLE = YES;
				MACOSX_DEPLOYMENT_TARGET = 10.13;
				MTL_ENABLE_DEBUG_INFO = INCLUDE_SOURCE;
				MTL_FAST_MATH = YES;
				ONLY_ACTIVE_ARCH = YES;
				SDKROOT = macosx;
				SWIFT_ACTIVE_COMPILATION_CONDITIONS = DEBUG;
				SWIFT_OPTIMIZATION_LEVEL = "-Onone";
			};
			name = Debug;
		};
		C7905FC827311CC6004C3FCC /* Release */ = {
			isa = XCBuildConfiguration;
			buildSettings = {
				ALWAYS_SEARCH_USER_PATHS = NO;
				CLANG_ANALYZER_NONNULL = YES;
				CLANG_ANALYZER_NUMBER_OBJECT_CONVERSION = YES_AGGRESSIVE;
				CLANG_CXX_LANGUAGE_STANDARD = "gnu++17";
				CLANG_CXX_LIBRARY = "libc++";
				CLANG_ENABLE_MODULES = YES;
				CLANG_ENABLE_OBJC_ARC = YES;
				CLANG_ENABLE_OBJC_WEAK = YES;
				CLANG_WARN_BLOCK_CAPTURE_AUTORELEASING = YES;
				CLANG_WARN_BOOL_CONVERSION = YES;
				CLANG_WARN_COMMA = YES;
				CLANG_WARN_CONSTANT_CONVERSION = YES;
				CLANG_WARN_DEPRECATED_OBJC_IMPLEMENTATIONS = YES;
				CLANG_WARN_DIRECT_OBJC_ISA_USAGE = YES_ERROR;
				CLANG_WARN_DOCUMENTATION_COMMENTS = YES;
				CLANG_WARN_EMPTY_BODY = YES;
				CLANG_WARN_ENUM_CONVERSION = YES;
				CLANG_WARN_INFINITE_RECURSION = YES;
				CLANG_WARN_INT_CONVERSION = YES;
				CLANG_WARN_NON_LITERAL_NULL_CONVERSION = YES;
				CLANG_WARN_OBJC_IMPLICIT_RETAIN_SELF = YES;
				CLANG_WARN_OBJC_LITERAL_CONVERSION = YES;
				CLANG_WARN_OBJC_ROOT_CLASS = YES_ERROR;
				CLANG_WARN_QUOTED_INCLUDE_IN_FRAMEWORK_HEADER = YES;
				CLANG_WARN_RANGE_LOOP_ANALYSIS = YES;
				CLANG_WARN_STRICT_PROTOTYPES = YES;
				CLANG_WARN_SUSPICIOUS_MOVE = YES;
				CLANG_WARN_UNGUARDED_AVAILABILITY = YES_AGGRESSIVE;
				CLANG_WARN_UNREACHABLE_CODE = YES;
				CLANG_WARN__DUPLICATE_METHOD_MATCH = YES;
				COPY_PHASE_STRIP = NO;
				DEBUG_INFORMATION_FORMAT = "dwarf-with-dsym";
				ENABLE_NS_ASSERTIONS = NO;
				ENABLE_STRICT_OBJC_MSGSEND = YES;
				GCC_C_LANGUAGE_STANDARD = gnu11;
				GCC_NO_COMMON_BLOCKS = YES;
				GCC_WARN_64_TO_32_BIT_CONVERSION = YES;
				GCC_WARN_ABOUT_RETURN_TYPE = YES_ERROR;
				GCC_WARN_UNDECLARED_SELECTOR = YES;
				GCC_WARN_UNINITIALIZED_AUTOS = YES_AGGRESSIVE;
				GCC_WARN_UNUSED_FUNCTION = YES;
				GCC_WARN_UNUSED_VARIABLE = YES;
				MACOSX_DEPLOYMENT_TARGET = 10.13;
				MTL_ENABLE_DEBUG_INFO = NO;
				MTL_FAST_MATH = YES;
				SDKROOT = macosx;
				SWIFT_COMPILATION_MODE = wholemodule;
				SWIFT_OPTIMIZATION_LEVEL = "-O";
			};
			name = Release;
		};
		C7905FCA27311CC6004C3FCC /* Debug */ = {
			isa = XCBuildConfiguration;
			buildSettings = {
				CODE_SIGN_STYLE = Automatic;
				PRODUCT_NAME = "$(TARGET_NAME)";
				SWIFT_VERSION = 5.0;
			};
			name = Debug;
		};
		C7905FCB27311CC6004C3FCC /* Release */ = {
			isa = XCBuildConfiguration;
			buildSettings = {
				CODE_SIGN_STYLE = Automatic;
				PRODUCT_NAME = "$(TARGET_NAME)";
				SWIFT_VERSION = 5.0;
			};
			name = Release;
		};
		CBBB1BAF2822199300123805 /* Debug */ = {
			isa = XCBuildConfiguration;
			buildSettings = {
				CODE_SIGN_STYLE = Automatic;
				CURRENT_PROJECT_VERSION = 1;
				GENERATE_INFOPLIST_FILE = YES;
				MACOSX_DEPLOYMENT_TARGET = 12.1;
				MARKETING_VERSION = 1.0;
				PRODUCT_BUNDLE_IDENTIFIER = com.ycosng.StringCalculatorTests;
				PRODUCT_NAME = "$(TARGET_NAME)";
				SWIFT_EMIT_LOC_STRINGS = NO;
				SWIFT_VERSION = 5.0;
			};
			name = Debug;
		};
		CBBB1BB02822199300123805 /* Release */ = {
			isa = XCBuildConfiguration;
			buildSettings = {
				CODE_SIGN_STYLE = Automatic;
				CURRENT_PROJECT_VERSION = 1;
				GENERATE_INFOPLIST_FILE = YES;
				MACOSX_DEPLOYMENT_TARGET = 12.1;
				MARKETING_VERSION = 1.0;
				PRODUCT_BUNDLE_IDENTIFIER = com.ycosng.StringCalculatorTests;
				PRODUCT_NAME = "$(TARGET_NAME)";
				SWIFT_EMIT_LOC_STRINGS = NO;
				SWIFT_VERSION = 5.0;
			};
			name = Release;
		};
/* End XCBuildConfiguration section */

/* Begin XCConfigurationList section */
		6CD904B828258CE10039C827 /* Build configuration list for PBXNativeTarget "LottoTests" */ = {
			isa = XCConfigurationList;
			buildConfigurations = (
				6CD904B928258CE10039C827 /* Debug */,
				6CD904BA28258CE10039C827 /* Release */,
			);
			defaultConfigurationIsVisible = 0;
			defaultConfigurationName = Release;
		};
		C7905FBD27311CC6004C3FCC /* Build configuration list for PBXProject "Lotto" */ = {
			isa = XCConfigurationList;
			buildConfigurations = (
				C7905FC727311CC6004C3FCC /* Debug */,
				C7905FC827311CC6004C3FCC /* Release */,
			);
			defaultConfigurationIsVisible = 0;
			defaultConfigurationName = Release;
		};
		C7905FC927311CC6004C3FCC /* Build configuration list for PBXNativeTarget "Lotto" */ = {
			isa = XCConfigurationList;
			buildConfigurations = (
				C7905FCA27311CC6004C3FCC /* Debug */,
				C7905FCB27311CC6004C3FCC /* Release */,
			);
			defaultConfigurationIsVisible = 0;
			defaultConfigurationName = Release;
		};
		CBBB1BAE2822199300123805 /* Build configuration list for PBXNativeTarget "StringCalculatorTests" */ = {
			isa = XCConfigurationList;
			buildConfigurations = (
				CBBB1BAF2822199300123805 /* Debug */,
				CBBB1BB02822199300123805 /* Release */,
			);
			defaultConfigurationIsVisible = 0;
			defaultConfigurationName = Release;
		};
/* End XCConfigurationList section */
	};
	rootObject = C7905FBA27311CC6004C3FCC /* Project object */;
}
