// !$*UTF8*$!
{
	archiveVersion = 1;
	classes = {
	};
	objectVersion = 54;
	objects = {

/* Begin PBXBuildFile section */
		A547C1822827E761000D392E /* CalculatorTest.swift in Sources */ = {isa = PBXBuildFile; fileRef = A547C1812827E761000D392E /* CalculatorTest.swift */; };
		A547C1882827E867000D392E /* StringCalculator.swift in Sources */ = {isa = PBXBuildFile; fileRef = A547C1872827E867000D392E /* StringCalculator.swift */; };
		A547C1892827E867000D392E /* StringCalculator.swift in Sources */ = {isa = PBXBuildFile; fileRef = A547C1872827E867000D392E /* StringCalculator.swift */; };
		A547C18B2827F2BB000D392E /* StringSplitter.swift in Sources */ = {isa = PBXBuildFile; fileRef = A547C18A2827F2BB000D392E /* StringSplitter.swift */; };
		A547C18C2827F2BB000D392E /* StringSplitter.swift in Sources */ = {isa = PBXBuildFile; fileRef = A547C18A2827F2BB000D392E /* StringSplitter.swift */; };
		A547C18E2827F5F4000D392E /* StringCalculatorError.swift in Sources */ = {isa = PBXBuildFile; fileRef = A547C18D2827F5F4000D392E /* StringCalculatorError.swift */; };
		A547C18F2827F5F4000D392E /* StringCalculatorError.swift in Sources */ = {isa = PBXBuildFile; fileRef = A547C18D2827F5F4000D392E /* StringCalculatorError.swift */; };
		A547C19D2833E4E3000D392E /* LottoTest.swift in Sources */ = {isa = PBXBuildFile; fileRef = A547C19C2833E4E3000D392E /* LottoTest.swift */; };
		A547C1A22833E642000D392E /* LottoCustomer.swift in Sources */ = {isa = PBXBuildFile; fileRef = A547C1A12833E642000D392E /* LottoCustomer.swift */; };
		A547C1A32833E642000D392E /* LottoCustomer.swift in Sources */ = {isa = PBXBuildFile; fileRef = A547C1A12833E642000D392E /* LottoCustomer.swift */; };
		C7905FC627311CC6004C3FCC /* main.swift in Sources */ = {isa = PBXBuildFile; fileRef = C7905FC527311CC6004C3FCC /* main.swift */; };
/* End PBXBuildFile section */

/* Begin PBXCopyFilesBuildPhase section */
		C7905FC027311CC6004C3FCC /* CopyFiles */ = {
			isa = PBXCopyFilesBuildPhase;
			buildActionMask = 2147483647;
			dstPath = /usr/share/man/man1/;
			dstSubfolderSpec = 0;
			files = (
			);
			runOnlyForDeploymentPostprocessing = 1;
		};
/* End PBXCopyFilesBuildPhase section */

/* Begin PBXFileReference section */
		A547C17F2827E761000D392E /* CalculatorTest.xctest */ = {isa = PBXFileReference; explicitFileType = wrapper.cfbundle; includeInIndex = 0; path = CalculatorTest.xctest; sourceTree = BUILT_PRODUCTS_DIR; };
		A547C1812827E761000D392E /* CalculatorTest.swift */ = {isa = PBXFileReference; lastKnownFileType = sourcecode.swift; path = CalculatorTest.swift; sourceTree = "<group>"; };
		A547C1872827E867000D392E /* StringCalculator.swift */ = {isa = PBXFileReference; lastKnownFileType = sourcecode.swift; path = StringCalculator.swift; sourceTree = "<group>"; };
		A547C18A2827F2BB000D392E /* StringSplitter.swift */ = {isa = PBXFileReference; lastKnownFileType = sourcecode.swift; path = StringSplitter.swift; sourceTree = "<group>"; };
		A547C18D2827F5F4000D392E /* StringCalculatorError.swift */ = {isa = PBXFileReference; lastKnownFileType = sourcecode.swift; path = StringCalculatorError.swift; sourceTree = "<group>"; };
		A547C19A2833E4E3000D392E /* LottoTest.xctest */ = {isa = PBXFileReference; explicitFileType = wrapper.cfbundle; includeInIndex = 0; path = LottoTest.xctest; sourceTree = BUILT_PRODUCTS_DIR; };
		A547C19C2833E4E3000D392E /* LottoTest.swift */ = {isa = PBXFileReference; lastKnownFileType = sourcecode.swift; path = LottoTest.swift; sourceTree = "<group>"; };
		A547C1A12833E642000D392E /* LottoCustomer.swift */ = {isa = PBXFileReference; lastKnownFileType = sourcecode.swift; path = LottoCustomer.swift; sourceTree = "<group>"; };
		C7905FC227311CC6004C3FCC /* Lotto */ = {isa = PBXFileReference; explicitFileType = "compiled.mach-o.executable"; includeInIndex = 0; path = Lotto; sourceTree = BUILT_PRODUCTS_DIR; };
		C7905FC527311CC6004C3FCC /* main.swift */ = {isa = PBXFileReference; lastKnownFileType = sourcecode.swift; path = main.swift; sourceTree = "<group>"; };
/* End PBXFileReference section */

/* Begin PBXFrameworksBuildPhase section */
		A547C17C2827E761000D392E /* Frameworks */ = {
			isa = PBXFrameworksBuildPhase;
			buildActionMask = 2147483647;
			files = (
			);
			runOnlyForDeploymentPostprocessing = 0;
		};
		A547C1972833E4E3000D392E /* Frameworks */ = {
			isa = PBXFrameworksBuildPhase;
			buildActionMask = 2147483647;
			files = (
			);
			runOnlyForDeploymentPostprocessing = 0;
		};
		C7905FBF27311CC6004C3FCC /* Frameworks */ = {
			isa = PBXFrameworksBuildPhase;
			buildActionMask = 2147483647;
			files = (
			);
			runOnlyForDeploymentPostprocessing = 0;
		};
/* End PBXFrameworksBuildPhase section */

/* Begin PBXGroup section */
		A547C1802827E761000D392E /* CalculatorTest */ = {
			isa = PBXGroup;
			children = (
				A547C1812827E761000D392E /* CalculatorTest.swift */,
			);
			path = CalculatorTest;
			sourceTree = "<group>";
		};
		A547C1862827E84C000D392E /* StringCalculator */ = {
			isa = PBXGroup;
			children = (
				A547C1872827E867000D392E /* StringCalculator.swift */,
				A547C18A2827F2BB000D392E /* StringSplitter.swift */,
				A547C18D2827F5F4000D392E /* StringCalculatorError.swift */,
			);
			path = StringCalculator;
			sourceTree = "<group>";
		};
		A547C1952833E4A5000D392E /* Lotto */ = {
			isa = PBXGroup;
			children = (
				A547C1A12833E642000D392E /* LottoCustomer.swift */,
			);
			path = Lotto;
			sourceTree = "<group>";
		};
		A547C19B2833E4E3000D392E /* LottoTest */ = {
			isa = PBXGroup;
			children = (
				A547C19C2833E4E3000D392E /* LottoTest.swift */,
			);
			path = LottoTest;
			sourceTree = "<group>";
		};
		C7905FB927311CC6004C3FCC = {
			isa = PBXGroup;
			children = (
				C7905FC427311CC6004C3FCC /* Lotto */,
				A547C1802827E761000D392E /* CalculatorTest */,
				A547C19B2833E4E3000D392E /* LottoTest */,
				C7905FC327311CC6004C3FCC /* Products */,
			);
			sourceTree = "<group>";
		};
		C7905FC327311CC6004C3FCC /* Products */ = {
			isa = PBXGroup;
			children = (
				C7905FC227311CC6004C3FCC /* Lotto */,
				A547C17F2827E761000D392E /* CalculatorTest.xctest */,
				A547C19A2833E4E3000D392E /* LottoTest.xctest */,
			);
			name = Products;
			sourceTree = "<group>";
		};
		C7905FC427311CC6004C3FCC /* Lotto */ = {
			isa = PBXGroup;
			children = (
				A547C1952833E4A5000D392E /* Lotto */,
				A547C1862827E84C000D392E /* StringCalculator */,
				C7905FC527311CC6004C3FCC /* main.swift */,
			);
			path = Lotto;
			sourceTree = "<group>";
		};
/* End PBXGroup section */

/* Begin PBXNativeTarget section */
		A547C17E2827E761000D392E /* CalculatorTest */ = {
			isa = PBXNativeTarget;
			buildConfigurationList = A547C1852827E761000D392E /* Build configuration list for PBXNativeTarget "CalculatorTest" */;
			buildPhases = (
				A547C17B2827E761000D392E /* Sources */,
				A547C17C2827E761000D392E /* Frameworks */,
				A547C17D2827E761000D392E /* Resources */,
			);
			buildRules = (
			);
			dependencies = (
			);
			name = CalculatorTest;
			productName = CalculatorTest;
			productReference = A547C17F2827E761000D392E /* CalculatorTest.xctest */;
			productType = "com.apple.product-type.bundle.unit-test";
		};
		A547C1992833E4E3000D392E /* LottoTest */ = {
			isa = PBXNativeTarget;
			buildConfigurationList = A547C19E2833E4E3000D392E /* Build configuration list for PBXNativeTarget "LottoTest" */;
			buildPhases = (
				A547C1962833E4E3000D392E /* Sources */,
				A547C1972833E4E3000D392E /* Frameworks */,
				A547C1982833E4E3000D392E /* Resources */,
			);
			buildRules = (
			);
			dependencies = (
			);
			name = LottoTest;
			productName = LottoTest;
			productReference = A547C19A2833E4E3000D392E /* LottoTest.xctest */;
			productType = "com.apple.product-type.bundle.unit-test";
		};
		C7905FC127311CC6004C3FCC /* Lotto */ = {
			isa = PBXNativeTarget;
			buildConfigurationList = C7905FC927311CC6004C3FCC /* Build configuration list for PBXNativeTarget "Lotto" */;
			buildPhases = (
				C7905FBE27311CC6004C3FCC /* Sources */,
				C7905FBF27311CC6004C3FCC /* Frameworks */,
				C7905FC027311CC6004C3FCC /* CopyFiles */,
			);
			buildRules = (
			);
			dependencies = (
			);
			name = Lotto;
			productName = Lotto;
			productReference = C7905FC227311CC6004C3FCC /* Lotto */;
			productType = "com.apple.product-type.tool";
		};
/* End PBXNativeTarget section */

/* Begin PBXProject section */
		C7905FBA27311CC6004C3FCC /* Project object */ = {
			isa = PBXProject;
			attributes = {
				BuildIndependentTargetsInParallel = 1;
				LastSwiftUpdateCheck = 1320;
				LastUpgradeCheck = 1300;
				TargetAttributes = {
					A547C17E2827E761000D392E = {
						CreatedOnToolsVersion = 13.2.1;
					};
					A547C1992833E4E3000D392E = {
						CreatedOnToolsVersion = 13.2.1;
					};
					C7905FC127311CC6004C3FCC = {
						CreatedOnToolsVersion = 13.0;
					};
				};
			};
			buildConfigurationList = C7905FBD27311CC6004C3FCC /* Build configuration list for PBXProject "Lotto" */;
			compatibilityVersion = "Xcode 12.0";
			developmentRegion = en;
			hasScannedForEncodings = 0;
			knownRegions = (
				en,
				Base,
			);
			mainGroup = C7905FB927311CC6004C3FCC;
			productRefGroup = C7905FC327311CC6004C3FCC /* Products */;
			projectDirPath = "";
			projectRoot = "";
			targets = (
				C7905FC127311CC6004C3FCC /* Lotto */,
				A547C17E2827E761000D392E /* CalculatorTest */,
				A547C1992833E4E3000D392E /* LottoTest */,
			);
		};
/* End PBXProject section */

/* Begin PBXResourcesBuildPhase section */
		A547C17D2827E761000D392E /* Resources */ = {
			isa = PBXResourcesBuildPhase;
			buildActionMask = 2147483647;
			files = (
			);
			runOnlyForDeploymentPostprocessing = 0;
		};
		A547C1982833E4E3000D392E /* Resources */ = {
			isa = PBXResourcesBuildPhase;
			buildActionMask = 2147483647;
			files = (
			);
			runOnlyForDeploymentPostprocessing = 0;
		};
/* End PBXResourcesBuildPhase section */

/* Begin PBXSourcesBuildPhase section */
		A547C17B2827E761000D392E /* Sources */ = {
			isa = PBXSourcesBuildPhase;
			buildActionMask = 2147483647;
			files = (
				A547C1892827E867000D392E /* StringCalculator.swift in Sources */,
				A547C18F2827F5F4000D392E /* StringCalculatorError.swift in Sources */,
				A547C18C2827F2BB000D392E /* StringSplitter.swift in Sources */,
				A547C1822827E761000D392E /* CalculatorTest.swift in Sources */,
			);
			runOnlyForDeploymentPostprocessing = 0;
		};
		A547C1962833E4E3000D392E /* Sources */ = {
			isa = PBXSourcesBuildPhase;
			buildActionMask = 2147483647;
			files = (
				A547C1A32833E642000D392E /* LottoCustomer.swift in Sources */,
				A547C19D2833E4E3000D392E /* LottoTest.swift in Sources */,
			);
			runOnlyForDeploymentPostprocessing = 0;
		};
		C7905FBE27311CC6004C3FCC /* Sources */ = {
			isa = PBXSourcesBuildPhase;
			buildActionMask = 2147483647;
			files = (
				A547C1882827E867000D392E /* StringCalculator.swift in Sources */,
				A547C18E2827F5F4000D392E /* StringCalculatorError.swift in Sources */,
				A547C18B2827F2BB000D392E /* StringSplitter.swift in Sources */,
				A547C1A22833E642000D392E /* LottoCustomer.swift in Sources */,
				C7905FC627311CC6004C3FCC /* main.swift in Sources */,
			);
			runOnlyForDeploymentPostprocessing = 0;
		};
/* End PBXSourcesBuildPhase section */

/* Begin XCBuildConfiguration section */
		A547C1832827E761000D392E /* Debug */ = {
			isa = XCBuildConfiguration;
			buildSettings = {
				CODE_SIGN_STYLE = Automatic;
				CURRENT_PROJECT_VERSION = 1;
				DEVELOPMENT_TEAM = QF5QAKW287;
				GENERATE_INFOPLIST_FILE = YES;
				MACOSX_DEPLOYMENT_TARGET = 12.1;
				MARKETING_VERSION = 1.0;
				PRODUCT_BUNDLE_IDENTIFIER = dev.woosub.CalculatorTest;
				PRODUCT_NAME = "$(TARGET_NAME)";
				SWIFT_EMIT_LOC_STRINGS = NO;
				SWIFT_VERSION = 5.0;
			};
			name = Debug;
		};
		A547C1842827E761000D392E /* Release */ = {
			isa = XCBuildConfiguration;
			buildSettings = {
				CODE_SIGN_STYLE = Automatic;
				CURRENT_PROJECT_VERSION = 1;
				DEVELOPMENT_TEAM = QF5QAKW287;
				GENERATE_INFOPLIST_FILE = YES;
				MACOSX_DEPLOYMENT_TARGET = 12.1;
				MARKETING_VERSION = 1.0;
				PRODUCT_BUNDLE_IDENTIFIER = dev.woosub.CalculatorTest;
				PRODUCT_NAME = "$(TARGET_NAME)";
				SWIFT_EMIT_LOC_STRINGS = NO;
				SWIFT_VERSION = 5.0;
			};
			name = Release;
		};
		A547C19F2833E4E3000D392E /* Debug */ = {
			isa = XCBuildConfiguration;
			buildSettings = {
				CODE_SIGN_STYLE = Automatic;
				CURRENT_PROJECT_VERSION = 1;
				DEVELOPMENT_TEAM = QF5QAKW287;
				GENERATE_INFOPLIST_FILE = YES;
				MACOSX_DEPLOYMENT_TARGET = 12.1;
				MARKETING_VERSION = 1.0;
				PRODUCT_BUNDLE_IDENTIFIER = dev.woosub.LottoTest;
				PRODUCT_NAME = "$(TARGET_NAME)";
				SWIFT_EMIT_LOC_STRINGS = NO;
				SWIFT_VERSION = 5.0;
			};
			name = Debug;
		};
		A547C1A02833E4E3000D392E /* Release */ = {
			isa = XCBuildConfiguration;
			buildSettings = {
				CODE_SIGN_STYLE = Automatic;
				CURRENT_PROJECT_VERSION = 1;
				DEVELOPMENT_TEAM = QF5QAKW287;
				GENERATE_INFOPLIST_FILE = YES;
				MACOSX_DEPLOYMENT_TARGET = 12.1;
				MARKETING_VERSION = 1.0;
				PRODUCT_BUNDLE_IDENTIFIER = dev.woosub.LottoTest;
				PRODUCT_NAME = "$(TARGET_NAME)";
				SWIFT_EMIT_LOC_STRINGS = NO;
				SWIFT_VERSION = 5.0;
			};
			name = Release;
		};
		C7905FC727311CC6004C3FCC /* Debug */ = {
			isa = XCBuildConfiguration;
			buildSettings = {
				ALWAYS_SEARCH_USER_PATHS = NO;
				CLANG_ANALYZER_NONNULL = YES;
				CLANG_ANALYZER_NUMBER_OBJECT_CONVERSION = YES_AGGRESSIVE;
				CLANG_CXX_LANGUAGE_STANDARD = "gnu++17";
				CLANG_CXX_LIBRARY = "libc++";
				CLANG_ENABLE_MODULES = YES;
				CLANG_ENABLE_OBJC_ARC = YES;
				CLANG_ENABLE_OBJC_WEAK = YES;
				CLANG_WARN_BLOCK_CAPTURE_AUTORELEASING = YES;
				CLANG_WARN_BOOL_CONVERSION = YES;
				CLANG_WARN_COMMA = YES;
				CLANG_WARN_CONSTANT_CONVERSION = YES;
				CLANG_WARN_DEPRECATED_OBJC_IMPLEMENTATIONS = YES;
				CLANG_WARN_DIRECT_OBJC_ISA_USAGE = YES_ERROR;
				CLANG_WARN_DOCUMENTATION_COMMENTS = YES;
				CLANG_WARN_EMPTY_BODY = YES;
				CLANG_WARN_ENUM_CONVERSION = YES;
				CLANG_WARN_INFINITE_RECURSION = YES;
				CLANG_WARN_INT_CONVERSION = YES;
				CLANG_WARN_NON_LITERAL_NULL_CONVERSION = YES;
				CLANG_WARN_OBJC_IMPLICIT_RETAIN_SELF = YES;
				CLANG_WARN_OBJC_LITERAL_CONVERSION = YES;
				CLANG_WARN_OBJC_ROOT_CLASS = YES_ERROR;
				CLANG_WARN_QUOTED_INCLUDE_IN_FRAMEWORK_HEADER = YES;
				CLANG_WARN_RANGE_LOOP_ANALYSIS = YES;
				CLANG_WARN_STRICT_PROTOTYPES = YES;
				CLANG_WARN_SUSPICIOUS_MOVE = YES;
				CLANG_WARN_UNGUARDED_AVAILABILITY = YES_AGGRESSIVE;
				CLANG_WARN_UNREACHABLE_CODE = YES;
				CLANG_WARN__DUPLICATE_METHOD_MATCH = YES;
				COPY_PHASE_STRIP = NO;
				DEBUG_INFORMATION_FORMAT = dwarf;
				ENABLE_STRICT_OBJC_MSGSEND = YES;
				ENABLE_TESTABILITY = YES;
				GCC_C_LANGUAGE_STANDARD = gnu11;
				GCC_DYNAMIC_NO_PIC = NO;
				GCC_NO_COMMON_BLOCKS = YES;
				GCC_OPTIMIZATION_LEVEL = 0;
				GCC_PREPROCESSOR_DEFINITIONS = (
					"DEBUG=1",
					"$(inherited)",
				);
				GCC_WARN_64_TO_32_BIT_CONVERSION = YES;
				GCC_WARN_ABOUT_RETURN_TYPE = YES_ERROR;
				GCC_WARN_UNDECLARED_SELECTOR = YES;
				GCC_WARN_UNINITIALIZED_AUTOS = YES_AGGRESSIVE;
				GCC_WARN_UNUSED_FUNCTION = YES;
				GCC_WARN_UNUSED_VARIABLE = YES;
				MACOSX_DEPLOYMENT_TARGET = 10.13;
				MTL_ENABLE_DEBUG_INFO = INCLUDE_SOURCE;
				MTL_FAST_MATH = YES;
				ONLY_ACTIVE_ARCH = YES;
				SDKROOT = macosx;
				SWIFT_ACTIVE_COMPILATION_CONDITIONS = DEBUG;
				SWIFT_OPTIMIZATION_LEVEL = "-Onone";
			};
			name = Debug;
		};
		C7905FC827311CC6004C3FCC /* Release */ = {
			isa = XCBuildConfiguration;
			buildSettings = {
				ALWAYS_SEARCH_USER_PATHS = NO;
				CLANG_ANALYZER_NONNULL = YES;
				CLANG_ANALYZER_NUMBER_OBJECT_CONVERSION = YES_AGGRESSIVE;
				CLANG_CXX_LANGUAGE_STANDARD = "gnu++17";
				CLANG_CXX_LIBRARY = "libc++";
				CLANG_ENABLE_MODULES = YES;
				CLANG_ENABLE_OBJC_ARC = YES;
				CLANG_ENABLE_OBJC_WEAK = YES;
				CLANG_WARN_BLOCK_CAPTURE_AUTORELEASING = YES;
				CLANG_WARN_BOOL_CONVERSION = YES;
				CLANG_WARN_COMMA = YES;
				CLANG_WARN_CONSTANT_CONVERSION = YES;
				CLANG_WARN_DEPRECATED_OBJC_IMPLEMENTATIONS = YES;
				CLANG_WARN_DIRECT_OBJC_ISA_USAGE = YES_ERROR;
				CLANG_WARN_DOCUMENTATION_COMMENTS = YES;
				CLANG_WARN_EMPTY_BODY = YES;
				CLANG_WARN_ENUM_CONVERSION = YES;
				CLANG_WARN_INFINITE_RECURSION = YES;
				CLANG_WARN_INT_CONVERSION = YES;
				CLANG_WARN_NON_LITERAL_NULL_CONVERSION = YES;
				CLANG_WARN_OBJC_IMPLICIT_RETAIN_SELF = YES;
				CLANG_WARN_OBJC_LITERAL_CONVERSION = YES;
				CLANG_WARN_OBJC_ROOT_CLASS = YES_ERROR;
				CLANG_WARN_QUOTED_INCLUDE_IN_FRAMEWORK_HEADER = YES;
				CLANG_WARN_RANGE_LOOP_ANALYSIS = YES;
				CLANG_WARN_STRICT_PROTOTYPES = YES;
				CLANG_WARN_SUSPICIOUS_MOVE = YES;
				CLANG_WARN_UNGUARDED_AVAILABILITY = YES_AGGRESSIVE;
				CLANG_WARN_UNREACHABLE_CODE = YES;
				CLANG_WARN__DUPLICATE_METHOD_MATCH = YES;
				COPY_PHASE_STRIP = NO;
				DEBUG_INFORMATION_FORMAT = "dwarf-with-dsym";
				ENABLE_NS_ASSERTIONS = NO;
				ENABLE_STRICT_OBJC_MSGSEND = YES;
				GCC_C_LANGUAGE_STANDARD = gnu11;
				GCC_NO_COMMON_BLOCKS = YES;
				GCC_WARN_64_TO_32_BIT_CONVERSION = YES;
				GCC_WARN_ABOUT_RETURN_TYPE = YES_ERROR;
				GCC_WARN_UNDECLARED_SELECTOR = YES;
				GCC_WARN_UNINITIALIZED_AUTOS = YES_AGGRESSIVE;
				GCC_WARN_UNUSED_FUNCTION = YES;
				GCC_WARN_UNUSED_VARIABLE = YES;
				MACOSX_DEPLOYMENT_TARGET = 10.13;
				MTL_ENABLE_DEBUG_INFO = NO;
				MTL_FAST_MATH = YES;
				SDKROOT = macosx;
				SWIFT_COMPILATION_MODE = wholemodule;
				SWIFT_OPTIMIZATION_LEVEL = "-O";
			};
			name = Release;
		};
		C7905FCA27311CC6004C3FCC /* Debug */ = {
			isa = XCBuildConfiguration;
			buildSettings = {
				CODE_SIGN_STYLE = Automatic;
				PRODUCT_NAME = "$(TARGET_NAME)";
				SWIFT_VERSION = 5.0;
			};
			name = Debug;
		};
		C7905FCB27311CC6004C3FCC /* Release */ = {
			isa = XCBuildConfiguration;
			buildSettings = {
				CODE_SIGN_STYLE = Automatic;
				PRODUCT_NAME = "$(TARGET_NAME)";
				SWIFT_VERSION = 5.0;
			};
			name = Release;
		};
/* End XCBuildConfiguration section */

/* Begin XCConfigurationList section */
		A547C1852827E761000D392E /* Build configuration list for PBXNativeTarget "CalculatorTest" */ = {
			isa = XCConfigurationList;
			buildConfigurations = (
				A547C1832827E761000D392E /* Debug */,
				A547C1842827E761000D392E /* Release */,
			);
			defaultConfigurationIsVisible = 0;
			defaultConfigurationName = Release;
		};
		A547C19E2833E4E3000D392E /* Build configuration list for PBXNativeTarget "LottoTest" */ = {
			isa = XCConfigurationList;
			buildConfigurations = (
				A547C19F2833E4E3000D392E /* Debug */,
				A547C1A02833E4E3000D392E /* Release */,
			);
			defaultConfigurationIsVisible = 0;
			defaultConfigurationName = Release;
		};
		C7905FBD27311CC6004C3FCC /* Build configuration list for PBXProject "Lotto" */ = {
			isa = XCConfigurationList;
			buildConfigurations = (
				C7905FC727311CC6004C3FCC /* Debug */,
				C7905FC827311CC6004C3FCC /* Release */,
			);
			defaultConfigurationIsVisible = 0;
			defaultConfigurationName = Release;
		};
		C7905FC927311CC6004C3FCC /* Build configuration list for PBXNativeTarget "Lotto" */ = {
			isa = XCConfigurationList;
			buildConfigurations = (
				C7905FCA27311CC6004C3FCC /* Debug */,
				C7905FCB27311CC6004C3FCC /* Release */,
			);
			defaultConfigurationIsVisible = 0;
			defaultConfigurationName = Release;
		};
/* End XCConfigurationList section */
	};
	rootObject = C7905FBA27311CC6004C3FCC /* Project object */;
}
